
Microsoft Visual Studio Solution File, Format Version 12.00
# Visual Studio Version 16
VisualStudioVersion = 16.0.30523.141
MinimumVisualStudioVersion = 10.0.40219.1
Project("{FAE04EC0-301F-11D3-BF4B-00C04F79EFBC}") = "CuadrosTexto", "CuadrosTexto\CuadrosTexto.csproj", "{11BC7050-2620-4901-9237-3BF8749226AE}"
EndProject
Global
	GlobalSection(SolutionConfigurationPlatforms) = preSolution
		Debug|Any CPU = Debug|Any CPU
		Release|Any CPU = Release|Any CPU
	EndGlobalSection
	GlobalSection(ProjectConfigurationPlatforms) = postSolution
		{11BC7050-2620-4901-9237-3BF8749226AE}.Debug|Any CPU.ActiveCfg = Debug|Any CPU
		{11BC7050-2620-4901-9237-3BF8749226AE}.Debug|Any CPU.Build.0 = Debug|Any CPU
		{11BC7050-2620-4901-9237-3BF8749226AE}.Release|Any CPU.ActiveCfg = Release|Any CPU
		{11BC7050-2620-4901-9237-3BF8749226AE}.Release|Any CPU.Build.0 = Release|Any CPU
	EndGlobalSection
	GlobalSection(SolutionProperties) = preSolution
		HideSolutionNode = FALSE
	EndGlobalSection
	GlobalSection(ExtensibilityGlobals) = postSolution
		SolutionGuid = {97366467-EB03-41E5-B092-52FDB428082F}
	EndGlobalSection
EndGlobal
